
Microsoft Visual Studio Solution File, Format Version 10.00
# Visual Studio 2008
Project("{8BC9CEB8-8B4A-11D0-8D11-00A0C91BC942}") = "PyUSB.C18.FSUSB", "PyUSB.C18.FSUSB.vcproj", "{8A21DFDB-1D43-486C-B88E-F8622F1D14B9}"
EndProject
Global
	GlobalSection(SolutionConfigurationPlatforms) = preSolution
		Release|Win32 = Release|Win32
	EndGlobalSection
	GlobalSection(ProjectConfigurationPlatforms) = postSolution
		{8A21DFDB-1D43-486C-B88E-F8622F1D14B9}.Release|Win32.ActiveCfg = Release|Win32
		{8A21DFDB-1D43-486C-B88E-F8622F1D14B9}.Release|Win32.Build.0 = Release|Win32
	EndGlobalSection
	GlobalSection(SolutionProperties) = preSolution
		HideSolutionNode = FALSE
	EndGlobalSection
EndGlobal
